
Microsoft Visual Studio Solution File, Format Version 12.00
# Visual Studio Version 16
VisualStudioVersion = 16.0.809.6
MinimumVisualStudioVersion = 10.0.40219.1
Project("{FAE04EC0-301F-11D3-BF4B-00C04F79EFBC}") = "Exercise 077", "Exercise 077.csproj", "{2C004C79-B003-4306-BF4A-9255E35DDBCB}"
EndProject
Global
	GlobalSection(SolutionConfigurationPlatforms) = preSolution
		Debug|Any CPU = Debug|Any CPU
		Release|Any CPU = Release|Any CPU
	EndGlobalSection
	GlobalSection(ProjectConfigurationPlatforms) = postSolution
		{2C004C79-B003-4306-BF4A-9255E35DDBCB}.Debug|Any CPU.ActiveCfg = Debug|Any CPU
		{2C004C79-B003-4306-BF4A-9255E35DDBCB}.Debug|Any CPU.Build.0 = Debug|Any CPU
		{2C004C79-B003-4306-BF4A-9255E35DDBCB}.Release|Any CPU.ActiveCfg = Release|Any CPU
		{2C004C79-B003-4306-BF4A-9255E35DDBCB}.Release|Any CPU.Build.0 = Release|Any CPU
	EndGlobalSection
	GlobalSection(SolutionProperties) = preSolution
		HideSolutionNode = FALSE
	EndGlobalSection
	GlobalSection(ExtensibilityGlobals) = postSolution
		SolutionGuid = {77E8DFC0-2E8B-4702-9B07-367243C246E9}
	EndGlobalSection
EndGlobal
