
Microsoft Visual Studio Solution File, Format Version 12.00
# Visual Studio Version 16
VisualStudioVersion = 16.0.809.2
MinimumVisualStudioVersion = 10.0.40219.1
Project("{FAE04EC0-301F-11D3-BF4B-00C04F79EFBC}") = "Exercise 024", "Exercise 024.csproj", "{AFC650D3-7EA2-4D41-AF27-AFA300E87270}"
EndProject
Global
	GlobalSection(SolutionConfigurationPlatforms) = preSolution
		Debug|Any CPU = Debug|Any CPU
		Release|Any CPU = Release|Any CPU
	EndGlobalSection
	GlobalSection(ProjectConfigurationPlatforms) = postSolution
		{AFC650D3-7EA2-4D41-AF27-AFA300E87270}.Debug|Any CPU.ActiveCfg = Debug|Any CPU
		{AFC650D3-7EA2-4D41-AF27-AFA300E87270}.Debug|Any CPU.Build.0 = Debug|Any CPU
		{AFC650D3-7EA2-4D41-AF27-AFA300E87270}.Release|Any CPU.ActiveCfg = Release|Any CPU
		{AFC650D3-7EA2-4D41-AF27-AFA300E87270}.Release|Any CPU.Build.0 = Release|Any CPU
	EndGlobalSection
	GlobalSection(SolutionProperties) = preSolution
		HideSolutionNode = FALSE
	EndGlobalSection
	GlobalSection(ExtensibilityGlobals) = postSolution
		SolutionGuid = {D940CA79-D26B-46A8-8781-3381C20CE900}
	EndGlobalSection
EndGlobal
