
Microsoft Visual Studio Solution File, Format Version 12.00
# Visual Studio Version 16
VisualStudioVersion = 16.0.809.7
MinimumVisualStudioVersion = 10.0.40219.1
Project("{FAE04EC0-301F-11D3-BF4B-00C04F79EFBC}") = "Exercise 110", "Exercise 110.csproj", "{8384D612-2991-4645-97E5-0674D288D876}"
EndProject
Global
	GlobalSection(SolutionConfigurationPlatforms) = preSolution
		Debug|Any CPU = Debug|Any CPU
		Release|Any CPU = Release|Any CPU
	EndGlobalSection
	GlobalSection(ProjectConfigurationPlatforms) = postSolution
		{8384D612-2991-4645-97E5-0674D288D876}.Debug|Any CPU.ActiveCfg = Debug|Any CPU
		{8384D612-2991-4645-97E5-0674D288D876}.Debug|Any CPU.Build.0 = Debug|Any CPU
		{8384D612-2991-4645-97E5-0674D288D876}.Release|Any CPU.ActiveCfg = Release|Any CPU
		{8384D612-2991-4645-97E5-0674D288D876}.Release|Any CPU.Build.0 = Release|Any CPU
	EndGlobalSection
	GlobalSection(SolutionProperties) = preSolution
		HideSolutionNode = FALSE
	EndGlobalSection
	GlobalSection(ExtensibilityGlobals) = postSolution
		SolutionGuid = {11B72DAE-2C2E-4512-8A6A-0866427B6CA3}
	EndGlobalSection
EndGlobal
