
Microsoft Visual Studio Solution File, Format Version 12.00
# Visual Studio Version 16
VisualStudioVersion = 16.0.809.1
MinimumVisualStudioVersion = 10.0.40219.1
Project("{FAE04EC0-301F-11D3-BF4B-00C04F79EFBC}") = "Exercise 007", "Exercise 007.csproj", "{32074B7B-3C43-4CA6-A23A-9DEADF95ED6A}"
EndProject
Global
	GlobalSection(SolutionConfigurationPlatforms) = preSolution
		Debug|Any CPU = Debug|Any CPU
		Release|Any CPU = Release|Any CPU
	EndGlobalSection
	GlobalSection(ProjectConfigurationPlatforms) = postSolution
		{32074B7B-3C43-4CA6-A23A-9DEADF95ED6A}.Debug|Any CPU.ActiveCfg = Debug|Any CPU
		{32074B7B-3C43-4CA6-A23A-9DEADF95ED6A}.Debug|Any CPU.Build.0 = Debug|Any CPU
		{32074B7B-3C43-4CA6-A23A-9DEADF95ED6A}.Release|Any CPU.ActiveCfg = Release|Any CPU
		{32074B7B-3C43-4CA6-A23A-9DEADF95ED6A}.Release|Any CPU.Build.0 = Release|Any CPU
	EndGlobalSection
	GlobalSection(SolutionProperties) = preSolution
		HideSolutionNode = FALSE
	EndGlobalSection
	GlobalSection(ExtensibilityGlobals) = postSolution
		SolutionGuid = {540AAC3E-3B22-4BB1-BEBF-5EAB226C42AC}
	EndGlobalSection
EndGlobal
