
Microsoft Visual Studio Solution File, Format Version 12.00
# Visual Studio Version 16
VisualStudioVersion = 16.0.809.6
MinimumVisualStudioVersion = 10.0.40219.1
Project("{FAE04EC0-301F-11D3-BF4B-00C04F79EFBC}") = "Exercise 082", "Exercise 082.csproj", "{AE92D080-DD44-4C05-A551-518B8666D365}"
EndProject
Global
	GlobalSection(SolutionConfigurationPlatforms) = preSolution
		Debug|Any CPU = Debug|Any CPU
		Release|Any CPU = Release|Any CPU
	EndGlobalSection
	GlobalSection(ProjectConfigurationPlatforms) = postSolution
		{AE92D080-DD44-4C05-A551-518B8666D365}.Debug|Any CPU.ActiveCfg = Debug|Any CPU
		{AE92D080-DD44-4C05-A551-518B8666D365}.Debug|Any CPU.Build.0 = Debug|Any CPU
		{AE92D080-DD44-4C05-A551-518B8666D365}.Release|Any CPU.ActiveCfg = Release|Any CPU
		{AE92D080-DD44-4C05-A551-518B8666D365}.Release|Any CPU.Build.0 = Release|Any CPU
	EndGlobalSection
	GlobalSection(SolutionProperties) = preSolution
		HideSolutionNode = FALSE
	EndGlobalSection
	GlobalSection(ExtensibilityGlobals) = postSolution
		SolutionGuid = {63A2866C-2EFD-4A69-ADFC-42F5DB396CA7}
	EndGlobalSection
EndGlobal
