
Microsoft Visual Studio Solution File, Format Version 12.00
# Visual Studio Version 16
VisualStudioVersion = 16.0.809.2
MinimumVisualStudioVersion = 10.0.40219.1
Project("{FAE04EC0-301F-11D3-BF4B-00C04F79EFBC}") = "Exercise 034", "Exercise 034.csproj", "{70B6CCCF-9756-404C-9912-C615A1B92BAC}"
EndProject
Global
	GlobalSection(SolutionConfigurationPlatforms) = preSolution
		Debug|Any CPU = Debug|Any CPU
		Release|Any CPU = Release|Any CPU
	EndGlobalSection
	GlobalSection(ProjectConfigurationPlatforms) = postSolution
		{70B6CCCF-9756-404C-9912-C615A1B92BAC}.Debug|Any CPU.ActiveCfg = Debug|Any CPU
		{70B6CCCF-9756-404C-9912-C615A1B92BAC}.Debug|Any CPU.Build.0 = Debug|Any CPU
		{70B6CCCF-9756-404C-9912-C615A1B92BAC}.Release|Any CPU.ActiveCfg = Release|Any CPU
		{70B6CCCF-9756-404C-9912-C615A1B92BAC}.Release|Any CPU.Build.0 = Release|Any CPU
	EndGlobalSection
	GlobalSection(SolutionProperties) = preSolution
		HideSolutionNode = FALSE
	EndGlobalSection
	GlobalSection(ExtensibilityGlobals) = postSolution
		SolutionGuid = {D25C5BE7-5E91-4140-B420-E27B9888ADF3}
	EndGlobalSection
EndGlobal
