
Microsoft Visual Studio Solution File, Format Version 12.00
# Visual Studio Version 16
VisualStudioVersion = 16.0.809.2
MinimumVisualStudioVersion = 10.0.40219.1
Project("{FAE04EC0-301F-11D3-BF4B-00C04F79EFBC}") = "Exercise 021", "Exercise 021.csproj", "{1B074D74-9034-4930-922A-D8C8570F1428}"
EndProject
Global
	GlobalSection(SolutionConfigurationPlatforms) = preSolution
		Debug|Any CPU = Debug|Any CPU
		Release|Any CPU = Release|Any CPU
	EndGlobalSection
	GlobalSection(ProjectConfigurationPlatforms) = postSolution
		{1B074D74-9034-4930-922A-D8C8570F1428}.Debug|Any CPU.ActiveCfg = Debug|Any CPU
		{1B074D74-9034-4930-922A-D8C8570F1428}.Debug|Any CPU.Build.0 = Debug|Any CPU
		{1B074D74-9034-4930-922A-D8C8570F1428}.Release|Any CPU.ActiveCfg = Release|Any CPU
		{1B074D74-9034-4930-922A-D8C8570F1428}.Release|Any CPU.Build.0 = Release|Any CPU
	EndGlobalSection
	GlobalSection(SolutionProperties) = preSolution
		HideSolutionNode = FALSE
	EndGlobalSection
	GlobalSection(ExtensibilityGlobals) = postSolution
		SolutionGuid = {C249D1C7-FE4A-46E0-B874-56758E6AF0A1}
	EndGlobalSection
EndGlobal
