
Microsoft Visual Studio Solution File, Format Version 12.00
# Visual Studio Version 16
VisualStudioVersion = 16.0.809.7
MinimumVisualStudioVersion = 10.0.40219.1
Project("{FAE04EC0-301F-11D3-BF4B-00C04F79EFBC}") = "Exercise 105", "Exercise 105.csproj", "{11320B15-EE4A-411C-BBCF-054F4B22CEFF}"
EndProject
Global
	GlobalSection(SolutionConfigurationPlatforms) = preSolution
		Debug|Any CPU = Debug|Any CPU
		Release|Any CPU = Release|Any CPU
	EndGlobalSection
	GlobalSection(ProjectConfigurationPlatforms) = postSolution
		{11320B15-EE4A-411C-BBCF-054F4B22CEFF}.Debug|Any CPU.ActiveCfg = Debug|Any CPU
		{11320B15-EE4A-411C-BBCF-054F4B22CEFF}.Debug|Any CPU.Build.0 = Debug|Any CPU
		{11320B15-EE4A-411C-BBCF-054F4B22CEFF}.Release|Any CPU.ActiveCfg = Release|Any CPU
		{11320B15-EE4A-411C-BBCF-054F4B22CEFF}.Release|Any CPU.Build.0 = Release|Any CPU
	EndGlobalSection
	GlobalSection(SolutionProperties) = preSolution
		HideSolutionNode = FALSE
	EndGlobalSection
	GlobalSection(ExtensibilityGlobals) = postSolution
		SolutionGuid = {D26930C2-B2DB-4072-916A-7F1661AD4AC0}
	EndGlobalSection
EndGlobal
