
Microsoft Visual Studio Solution File, Format Version 12.00
# Visual Studio Version 16
VisualStudioVersion = 16.0.809.2
MinimumVisualStudioVersion = 10.0.40219.1
Project("{FAE04EC0-301F-11D3-BF4B-00C04F79EFBC}") = "Exercise 012", "Exercise 012.csproj", "{AB5FEDE9-70C1-4AA1-9B09-748B456D74DE}"
EndProject
Global
	GlobalSection(SolutionConfigurationPlatforms) = preSolution
		Debug|Any CPU = Debug|Any CPU
		Release|Any CPU = Release|Any CPU
	EndGlobalSection
	GlobalSection(ProjectConfigurationPlatforms) = postSolution
		{AB5FEDE9-70C1-4AA1-9B09-748B456D74DE}.Debug|Any CPU.ActiveCfg = Debug|Any CPU
		{AB5FEDE9-70C1-4AA1-9B09-748B456D74DE}.Debug|Any CPU.Build.0 = Debug|Any CPU
		{AB5FEDE9-70C1-4AA1-9B09-748B456D74DE}.Release|Any CPU.ActiveCfg = Release|Any CPU
		{AB5FEDE9-70C1-4AA1-9B09-748B456D74DE}.Release|Any CPU.Build.0 = Release|Any CPU
	EndGlobalSection
	GlobalSection(SolutionProperties) = preSolution
		HideSolutionNode = FALSE
	EndGlobalSection
	GlobalSection(ExtensibilityGlobals) = postSolution
		SolutionGuid = {4978242E-7019-4E16-9AEF-93865FD9E7D5}
	EndGlobalSection
EndGlobal
