
Microsoft Visual Studio Solution File, Format Version 12.00
# Visual Studio Version 16
VisualStudioVersion = 16.0.809.4
MinimumVisualStudioVersion = 10.0.40219.1
Project("{FAE04EC0-301F-11D3-BF4B-00C04F79EFBC}") = "Exercise 057", "Exercise 057.csproj", "{BF556F55-C688-4B22-8753-5744BF3D45E2}"
EndProject
Global
	GlobalSection(SolutionConfigurationPlatforms) = preSolution
		Debug|Any CPU = Debug|Any CPU
		Release|Any CPU = Release|Any CPU
	EndGlobalSection
	GlobalSection(ProjectConfigurationPlatforms) = postSolution
		{BF556F55-C688-4B22-8753-5744BF3D45E2}.Debug|Any CPU.ActiveCfg = Debug|Any CPU
		{BF556F55-C688-4B22-8753-5744BF3D45E2}.Debug|Any CPU.Build.0 = Debug|Any CPU
		{BF556F55-C688-4B22-8753-5744BF3D45E2}.Release|Any CPU.ActiveCfg = Release|Any CPU
		{BF556F55-C688-4B22-8753-5744BF3D45E2}.Release|Any CPU.Build.0 = Release|Any CPU
	EndGlobalSection
	GlobalSection(SolutionProperties) = preSolution
		HideSolutionNode = FALSE
	EndGlobalSection
	GlobalSection(ExtensibilityGlobals) = postSolution
		SolutionGuid = {345556C9-B695-4103-9261-85ECDBA82A51}
	EndGlobalSection
EndGlobal
