
Microsoft Visual Studio Solution File, Format Version 12.00
# Visual Studio Version 16
VisualStudioVersion = 16.0.809.6
MinimumVisualStudioVersion = 10.0.40219.1
Project("{FAE04EC0-301F-11D3-BF4B-00C04F79EFBC}") = "Exercise 093", "Exercise 093.csproj", "{CCFC9D34-B963-4C35-BFB9-536E01894961}"
EndProject
Global
	GlobalSection(SolutionConfigurationPlatforms) = preSolution
		Debug|Any CPU = Debug|Any CPU
		Release|Any CPU = Release|Any CPU
	EndGlobalSection
	GlobalSection(ProjectConfigurationPlatforms) = postSolution
		{CCFC9D34-B963-4C35-BFB9-536E01894961}.Debug|Any CPU.ActiveCfg = Debug|Any CPU
		{CCFC9D34-B963-4C35-BFB9-536E01894961}.Debug|Any CPU.Build.0 = Debug|Any CPU
		{CCFC9D34-B963-4C35-BFB9-536E01894961}.Release|Any CPU.ActiveCfg = Release|Any CPU
		{CCFC9D34-B963-4C35-BFB9-536E01894961}.Release|Any CPU.Build.0 = Release|Any CPU
	EndGlobalSection
	GlobalSection(SolutionProperties) = preSolution
		HideSolutionNode = FALSE
	EndGlobalSection
	GlobalSection(ExtensibilityGlobals) = postSolution
		SolutionGuid = {D8FE0CC2-DA5D-4D34-9511-8F1620211526}
	EndGlobalSection
EndGlobal
