
Microsoft Visual Studio Solution File, Format Version 12.00
# Visual Studio Version 16
VisualStudioVersion = 16.0.809.7
MinimumVisualStudioVersion = 10.0.40219.1
Project("{FAE04EC0-301F-11D3-BF4B-00C04F79EFBC}") = "Exercise 118", "Exercise 118.csproj", "{9607B398-460A-4CA4-AF08-2A841AFC6C45}"
EndProject
Global
	GlobalSection(SolutionConfigurationPlatforms) = preSolution
		Debug|Any CPU = Debug|Any CPU
		Release|Any CPU = Release|Any CPU
	EndGlobalSection
	GlobalSection(ProjectConfigurationPlatforms) = postSolution
		{9607B398-460A-4CA4-AF08-2A841AFC6C45}.Debug|Any CPU.ActiveCfg = Debug|Any CPU
		{9607B398-460A-4CA4-AF08-2A841AFC6C45}.Debug|Any CPU.Build.0 = Debug|Any CPU
		{9607B398-460A-4CA4-AF08-2A841AFC6C45}.Release|Any CPU.ActiveCfg = Release|Any CPU
		{9607B398-460A-4CA4-AF08-2A841AFC6C45}.Release|Any CPU.Build.0 = Release|Any CPU
	EndGlobalSection
	GlobalSection(SolutionProperties) = preSolution
		HideSolutionNode = FALSE
	EndGlobalSection
	GlobalSection(ExtensibilityGlobals) = postSolution
		SolutionGuid = {7047CB00-2193-4894-AF1F-D932E3F6C814}
	EndGlobalSection
EndGlobal
