
Microsoft Visual Studio Solution File, Format Version 12.00
# Visual Studio Version 16
VisualStudioVersion = 16.0.809.6
MinimumVisualStudioVersion = 10.0.40219.1
Project("{FAE04EC0-301F-11D3-BF4B-00C04F79EFBC}") = "Exercise 100", "Exercise 100.csproj", "{D35A7D19-861A-4B72-901E-934B94455601}"
EndProject
Global
	GlobalSection(SolutionConfigurationPlatforms) = preSolution
		Debug|Any CPU = Debug|Any CPU
		Release|Any CPU = Release|Any CPU
	EndGlobalSection
	GlobalSection(ProjectConfigurationPlatforms) = postSolution
		{D35A7D19-861A-4B72-901E-934B94455601}.Debug|Any CPU.ActiveCfg = Debug|Any CPU
		{D35A7D19-861A-4B72-901E-934B94455601}.Debug|Any CPU.Build.0 = Debug|Any CPU
		{D35A7D19-861A-4B72-901E-934B94455601}.Release|Any CPU.ActiveCfg = Release|Any CPU
		{D35A7D19-861A-4B72-901E-934B94455601}.Release|Any CPU.Build.0 = Release|Any CPU
	EndGlobalSection
	GlobalSection(SolutionProperties) = preSolution
		HideSolutionNode = FALSE
	EndGlobalSection
	GlobalSection(ExtensibilityGlobals) = postSolution
		SolutionGuid = {885DF2D8-72B5-49F6-AB9D-068D9E103356}
	EndGlobalSection
EndGlobal
