
Microsoft Visual Studio Solution File, Format Version 12.00
# Visual Studio Version 16
VisualStudioVersion = 16.0.809.7
MinimumVisualStudioVersion = 10.0.40219.1
Project("{FAE04EC0-301F-11D3-BF4B-00C04F79EFBC}") = "Exercise 111", "Exercise 111.csproj", "{3B8F5EA7-B733-485C-8839-DE47D08B5894}"
EndProject
Global
	GlobalSection(SolutionConfigurationPlatforms) = preSolution
		Debug|Any CPU = Debug|Any CPU
		Release|Any CPU = Release|Any CPU
	EndGlobalSection
	GlobalSection(ProjectConfigurationPlatforms) = postSolution
		{3B8F5EA7-B733-485C-8839-DE47D08B5894}.Debug|Any CPU.ActiveCfg = Debug|Any CPU
		{3B8F5EA7-B733-485C-8839-DE47D08B5894}.Debug|Any CPU.Build.0 = Debug|Any CPU
		{3B8F5EA7-B733-485C-8839-DE47D08B5894}.Release|Any CPU.ActiveCfg = Release|Any CPU
		{3B8F5EA7-B733-485C-8839-DE47D08B5894}.Release|Any CPU.Build.0 = Release|Any CPU
	EndGlobalSection
	GlobalSection(SolutionProperties) = preSolution
		HideSolutionNode = FALSE
	EndGlobalSection
	GlobalSection(ExtensibilityGlobals) = postSolution
		SolutionGuid = {C218B618-1C0D-4833-8925-8194BEC3B4F8}
	EndGlobalSection
EndGlobal
