
Microsoft Visual Studio Solution File, Format Version 12.00
# Visual Studio Version 16
VisualStudioVersion = 16.0.809.7
MinimumVisualStudioVersion = 10.0.40219.1
Project("{FAE04EC0-301F-11D3-BF4B-00C04F79EFBC}") = "Exercise 102", "Exercise 102.csproj", "{6F6ECEF7-25A3-464E-AB5C-58E370ADA0F3}"
EndProject
Global
	GlobalSection(SolutionConfigurationPlatforms) = preSolution
		Debug|Any CPU = Debug|Any CPU
		Release|Any CPU = Release|Any CPU
	EndGlobalSection
	GlobalSection(ProjectConfigurationPlatforms) = postSolution
		{6F6ECEF7-25A3-464E-AB5C-58E370ADA0F3}.Debug|Any CPU.ActiveCfg = Debug|Any CPU
		{6F6ECEF7-25A3-464E-AB5C-58E370ADA0F3}.Debug|Any CPU.Build.0 = Debug|Any CPU
		{6F6ECEF7-25A3-464E-AB5C-58E370ADA0F3}.Release|Any CPU.ActiveCfg = Release|Any CPU
		{6F6ECEF7-25A3-464E-AB5C-58E370ADA0F3}.Release|Any CPU.Build.0 = Release|Any CPU
	EndGlobalSection
	GlobalSection(SolutionProperties) = preSolution
		HideSolutionNode = FALSE
	EndGlobalSection
	GlobalSection(ExtensibilityGlobals) = postSolution
		SolutionGuid = {C7928B49-7253-4FEB-9373-82F2EAA0789C}
	EndGlobalSection
EndGlobal
