
Microsoft Visual Studio Solution File, Format Version 12.00
# Visual Studio Version 16
VisualStudioVersion = 16.0.809.6
MinimumVisualStudioVersion = 10.0.40219.1
Project("{FAE04EC0-301F-11D3-BF4B-00C04F79EFBC}") = "Exercise 066", "Exercise 066.csproj", "{4CED5DD6-675B-4948-A961-3AB0371991B1}"
EndProject
Global
	GlobalSection(SolutionConfigurationPlatforms) = preSolution
		Debug|Any CPU = Debug|Any CPU
		Release|Any CPU = Release|Any CPU
	EndGlobalSection
	GlobalSection(ProjectConfigurationPlatforms) = postSolution
		{4CED5DD6-675B-4948-A961-3AB0371991B1}.Debug|Any CPU.ActiveCfg = Debug|Any CPU
		{4CED5DD6-675B-4948-A961-3AB0371991B1}.Debug|Any CPU.Build.0 = Debug|Any CPU
		{4CED5DD6-675B-4948-A961-3AB0371991B1}.Release|Any CPU.ActiveCfg = Release|Any CPU
		{4CED5DD6-675B-4948-A961-3AB0371991B1}.Release|Any CPU.Build.0 = Release|Any CPU
	EndGlobalSection
	GlobalSection(SolutionProperties) = preSolution
		HideSolutionNode = FALSE
	EndGlobalSection
	GlobalSection(ExtensibilityGlobals) = postSolution
		SolutionGuid = {96F7D520-66B2-45DA-B000-014320AC9116}
	EndGlobalSection
EndGlobal
