
Microsoft Visual Studio Solution File, Format Version 12.00
# Visual Studio Version 16
VisualStudioVersion = 16.0.809.7
MinimumVisualStudioVersion = 10.0.40219.1
Project("{FAE04EC0-301F-11D3-BF4B-00C04F79EFBC}") = "Exercise 112", "Exercise 112.csproj", "{9E3444CC-C9C5-47DD-AFE8-0CEDB5F7E24F}"
EndProject
Global
	GlobalSection(SolutionConfigurationPlatforms) = preSolution
		Debug|Any CPU = Debug|Any CPU
		Release|Any CPU = Release|Any CPU
	EndGlobalSection
	GlobalSection(ProjectConfigurationPlatforms) = postSolution
		{9E3444CC-C9C5-47DD-AFE8-0CEDB5F7E24F}.Debug|Any CPU.ActiveCfg = Debug|Any CPU
		{9E3444CC-C9C5-47DD-AFE8-0CEDB5F7E24F}.Debug|Any CPU.Build.0 = Debug|Any CPU
		{9E3444CC-C9C5-47DD-AFE8-0CEDB5F7E24F}.Release|Any CPU.ActiveCfg = Release|Any CPU
		{9E3444CC-C9C5-47DD-AFE8-0CEDB5F7E24F}.Release|Any CPU.Build.0 = Release|Any CPU
	EndGlobalSection
	GlobalSection(SolutionProperties) = preSolution
		HideSolutionNode = FALSE
	EndGlobalSection
	GlobalSection(ExtensibilityGlobals) = postSolution
		SolutionGuid = {E4D1EB61-D0E4-4168-A0D1-78EA965FC460}
	EndGlobalSection
EndGlobal
