
Microsoft Visual Studio Solution File, Format Version 12.00
# Visual Studio Version 16
VisualStudioVersion = 16.0.809.6
MinimumVisualStudioVersion = 10.0.40219.1
Project("{FAE04EC0-301F-11D3-BF4B-00C04F79EFBC}") = "Exercise 073", "Exercise 073.csproj", "{0D3F93AB-44F1-45B6-849E-D5575A9830B4}"
EndProject
Global
	GlobalSection(SolutionConfigurationPlatforms) = preSolution
		Debug|Any CPU = Debug|Any CPU
		Release|Any CPU = Release|Any CPU
	EndGlobalSection
	GlobalSection(ProjectConfigurationPlatforms) = postSolution
		{0D3F93AB-44F1-45B6-849E-D5575A9830B4}.Debug|Any CPU.ActiveCfg = Debug|Any CPU
		{0D3F93AB-44F1-45B6-849E-D5575A9830B4}.Debug|Any CPU.Build.0 = Debug|Any CPU
		{0D3F93AB-44F1-45B6-849E-D5575A9830B4}.Release|Any CPU.ActiveCfg = Release|Any CPU
		{0D3F93AB-44F1-45B6-849E-D5575A9830B4}.Release|Any CPU.Build.0 = Release|Any CPU
	EndGlobalSection
	GlobalSection(SolutionProperties) = preSolution
		HideSolutionNode = FALSE
	EndGlobalSection
	GlobalSection(ExtensibilityGlobals) = postSolution
		SolutionGuid = {B4E7B7DC-31D2-4348-9488-2C407B72804A}
	EndGlobalSection
EndGlobal
