
Microsoft Visual Studio Solution File, Format Version 12.00
# Visual Studio Version 16
VisualStudioVersion = 16.0.809.1
MinimumVisualStudioVersion = 10.0.40219.1
Project("{FAE04EC0-301F-11D3-BF4B-00C04F79EFBC}") = "Exercise 008", "Exercise 008.csproj", "{134A19C9-6A61-4288-A03F-E485B11E11F5}"
EndProject
Global
	GlobalSection(SolutionConfigurationPlatforms) = preSolution
		Debug|Any CPU = Debug|Any CPU
		Release|Any CPU = Release|Any CPU
	EndGlobalSection
	GlobalSection(ProjectConfigurationPlatforms) = postSolution
		{134A19C9-6A61-4288-A03F-E485B11E11F5}.Debug|Any CPU.ActiveCfg = Debug|Any CPU
		{134A19C9-6A61-4288-A03F-E485B11E11F5}.Debug|Any CPU.Build.0 = Debug|Any CPU
		{134A19C9-6A61-4288-A03F-E485B11E11F5}.Release|Any CPU.ActiveCfg = Release|Any CPU
		{134A19C9-6A61-4288-A03F-E485B11E11F5}.Release|Any CPU.Build.0 = Release|Any CPU
	EndGlobalSection
	GlobalSection(SolutionProperties) = preSolution
		HideSolutionNode = FALSE
	EndGlobalSection
	GlobalSection(ExtensibilityGlobals) = postSolution
		SolutionGuid = {9055BB34-55DD-4262-AD4B-464239A4D894}
	EndGlobalSection
EndGlobal
