
Microsoft Visual Studio Solution File, Format Version 12.00
# Visual Studio Version 16
VisualStudioVersion = 16.0.809.7
MinimumVisualStudioVersion = 10.0.40219.1
Project("{FAE04EC0-301F-11D3-BF4B-00C04F79EFBC}") = "Exercise 119", "Exercise 119.csproj", "{7F24F938-DD91-4A4F-A814-859411FB2710}"
EndProject
Global
	GlobalSection(SolutionConfigurationPlatforms) = preSolution
		Debug|Any CPU = Debug|Any CPU
		Release|Any CPU = Release|Any CPU
	EndGlobalSection
	GlobalSection(ProjectConfigurationPlatforms) = postSolution
		{7F24F938-DD91-4A4F-A814-859411FB2710}.Debug|Any CPU.ActiveCfg = Debug|Any CPU
		{7F24F938-DD91-4A4F-A814-859411FB2710}.Debug|Any CPU.Build.0 = Debug|Any CPU
		{7F24F938-DD91-4A4F-A814-859411FB2710}.Release|Any CPU.ActiveCfg = Release|Any CPU
		{7F24F938-DD91-4A4F-A814-859411FB2710}.Release|Any CPU.Build.0 = Release|Any CPU
	EndGlobalSection
	GlobalSection(SolutionProperties) = preSolution
		HideSolutionNode = FALSE
	EndGlobalSection
	GlobalSection(ExtensibilityGlobals) = postSolution
		SolutionGuid = {4E0E1C76-7D66-4A1A-B5D2-4B75F2ADE923}
	EndGlobalSection
EndGlobal
