
Microsoft Visual Studio Solution File, Format Version 12.00
# Visual Studio Version 16
VisualStudioVersion = 16.0.809.4
MinimumVisualStudioVersion = 10.0.40219.1
Project("{FAE04EC0-301F-11D3-BF4B-00C04F79EFBC}") = "Exercise 051", "Exercise 051.csproj", "{691945B4-4CF4-474E-8DA8-0001A7EB3163}"
EndProject
Global
	GlobalSection(SolutionConfigurationPlatforms) = preSolution
		Debug|Any CPU = Debug|Any CPU
		Release|Any CPU = Release|Any CPU
	EndGlobalSection
	GlobalSection(ProjectConfigurationPlatforms) = postSolution
		{691945B4-4CF4-474E-8DA8-0001A7EB3163}.Debug|Any CPU.ActiveCfg = Debug|Any CPU
		{691945B4-4CF4-474E-8DA8-0001A7EB3163}.Debug|Any CPU.Build.0 = Debug|Any CPU
		{691945B4-4CF4-474E-8DA8-0001A7EB3163}.Release|Any CPU.ActiveCfg = Release|Any CPU
		{691945B4-4CF4-474E-8DA8-0001A7EB3163}.Release|Any CPU.Build.0 = Release|Any CPU
	EndGlobalSection
	GlobalSection(SolutionProperties) = preSolution
		HideSolutionNode = FALSE
	EndGlobalSection
	GlobalSection(ExtensibilityGlobals) = postSolution
		SolutionGuid = {F8FF4D37-26E4-4F8A-BECB-808AE7CBB97A}
	EndGlobalSection
EndGlobal
