
Microsoft Visual Studio Solution File, Format Version 12.00
# Visual Studio Version 16
VisualStudioVersion = 16.0.809.7
MinimumVisualStudioVersion = 10.0.40219.1
Project("{FAE04EC0-301F-11D3-BF4B-00C04F79EFBC}") = "Exercise 101", "Exercise 101.csproj", "{2758D305-047B-4726-9BE5-EB41A104AEB5}"
EndProject
Global
	GlobalSection(SolutionConfigurationPlatforms) = preSolution
		Debug|Any CPU = Debug|Any CPU
		Release|Any CPU = Release|Any CPU
	EndGlobalSection
	GlobalSection(ProjectConfigurationPlatforms) = postSolution
		{2758D305-047B-4726-9BE5-EB41A104AEB5}.Debug|Any CPU.ActiveCfg = Debug|Any CPU
		{2758D305-047B-4726-9BE5-EB41A104AEB5}.Debug|Any CPU.Build.0 = Debug|Any CPU
		{2758D305-047B-4726-9BE5-EB41A104AEB5}.Release|Any CPU.ActiveCfg = Release|Any CPU
		{2758D305-047B-4726-9BE5-EB41A104AEB5}.Release|Any CPU.Build.0 = Release|Any CPU
	EndGlobalSection
	GlobalSection(SolutionProperties) = preSolution
		HideSolutionNode = FALSE
	EndGlobalSection
	GlobalSection(ExtensibilityGlobals) = postSolution
		SolutionGuid = {7A3F9945-15AE-4061-ADCA-4F86A9EFBB39}
	EndGlobalSection
EndGlobal
