
Microsoft Visual Studio Solution File, Format Version 12.00
# Visual Studio Version 16
VisualStudioVersion = 16.0.809.2
MinimumVisualStudioVersion = 10.0.40219.1
Project("{FAE04EC0-301F-11D3-BF4B-00C04F79EFBC}") = "Exercise 020", "Exercise 020.csproj", "{1D1D04ED-9CF7-4A44-B062-41803E835513}"
EndProject
Global
	GlobalSection(SolutionConfigurationPlatforms) = preSolution
		Debug|Any CPU = Debug|Any CPU
		Release|Any CPU = Release|Any CPU
	EndGlobalSection
	GlobalSection(ProjectConfigurationPlatforms) = postSolution
		{1D1D04ED-9CF7-4A44-B062-41803E835513}.Debug|Any CPU.ActiveCfg = Debug|Any CPU
		{1D1D04ED-9CF7-4A44-B062-41803E835513}.Debug|Any CPU.Build.0 = Debug|Any CPU
		{1D1D04ED-9CF7-4A44-B062-41803E835513}.Release|Any CPU.ActiveCfg = Release|Any CPU
		{1D1D04ED-9CF7-4A44-B062-41803E835513}.Release|Any CPU.Build.0 = Release|Any CPU
	EndGlobalSection
	GlobalSection(SolutionProperties) = preSolution
		HideSolutionNode = FALSE
	EndGlobalSection
	GlobalSection(ExtensibilityGlobals) = postSolution
		SolutionGuid = {B1C70E80-0E14-4B5E-8EA3-94FEDC3A5893}
	EndGlobalSection
EndGlobal
