
Microsoft Visual Studio Solution File, Format Version 12.00
# Visual Studio Version 16
VisualStudioVersion = 16.0.809.6
MinimumVisualStudioVersion = 10.0.40219.1
Project("{FAE04EC0-301F-11D3-BF4B-00C04F79EFBC}") = "Exercise 070", "Exercise 070.csproj", "{83A1F5D9-FF5C-4374-A463-A9B7CA21D47F}"
EndProject
Global
	GlobalSection(SolutionConfigurationPlatforms) = preSolution
		Debug|Any CPU = Debug|Any CPU
		Release|Any CPU = Release|Any CPU
	EndGlobalSection
	GlobalSection(ProjectConfigurationPlatforms) = postSolution
		{83A1F5D9-FF5C-4374-A463-A9B7CA21D47F}.Debug|Any CPU.ActiveCfg = Debug|Any CPU
		{83A1F5D9-FF5C-4374-A463-A9B7CA21D47F}.Debug|Any CPU.Build.0 = Debug|Any CPU
		{83A1F5D9-FF5C-4374-A463-A9B7CA21D47F}.Release|Any CPU.ActiveCfg = Release|Any CPU
		{83A1F5D9-FF5C-4374-A463-A9B7CA21D47F}.Release|Any CPU.Build.0 = Release|Any CPU
	EndGlobalSection
	GlobalSection(SolutionProperties) = preSolution
		HideSolutionNode = FALSE
	EndGlobalSection
	GlobalSection(ExtensibilityGlobals) = postSolution
		SolutionGuid = {604342F3-4E1A-4BF3-8E2E-C4E67FA5009B}
	EndGlobalSection
EndGlobal
