
Microsoft Visual Studio Solution File, Format Version 12.00
# Visual Studio Version 16
VisualStudioVersion = 16.0.809.6
MinimumVisualStudioVersion = 10.0.40219.1
Project("{FAE04EC0-301F-11D3-BF4B-00C04F79EFBC}") = "Exercise 087", "Exercise 087.csproj", "{786DB7AF-C68C-4A97-ABA5-FB829C3D9C21}"
EndProject
Global
	GlobalSection(SolutionConfigurationPlatforms) = preSolution
		Debug|Any CPU = Debug|Any CPU
		Release|Any CPU = Release|Any CPU
	EndGlobalSection
	GlobalSection(ProjectConfigurationPlatforms) = postSolution
		{786DB7AF-C68C-4A97-ABA5-FB829C3D9C21}.Debug|Any CPU.ActiveCfg = Debug|Any CPU
		{786DB7AF-C68C-4A97-ABA5-FB829C3D9C21}.Debug|Any CPU.Build.0 = Debug|Any CPU
		{786DB7AF-C68C-4A97-ABA5-FB829C3D9C21}.Release|Any CPU.ActiveCfg = Release|Any CPU
		{786DB7AF-C68C-4A97-ABA5-FB829C3D9C21}.Release|Any CPU.Build.0 = Release|Any CPU
	EndGlobalSection
	GlobalSection(SolutionProperties) = preSolution
		HideSolutionNode = FALSE
	EndGlobalSection
	GlobalSection(ExtensibilityGlobals) = postSolution
		SolutionGuid = {0488E085-69DA-4D3E-A596-3D4020EF2F72}
	EndGlobalSection
EndGlobal
