
Microsoft Visual Studio Solution File, Format Version 12.00
# Visual Studio Version 16
VisualStudioVersion = 16.0.809.7
MinimumVisualStudioVersion = 10.0.40219.1
Project("{FAE04EC0-301F-11D3-BF4B-00C04F79EFBC}") = "Exercise 116", "Exercise 116.csproj", "{7DD601F6-F7CB-44A1-ABC5-E4F618305E86}"
EndProject
Global
	GlobalSection(SolutionConfigurationPlatforms) = preSolution
		Debug|Any CPU = Debug|Any CPU
		Release|Any CPU = Release|Any CPU
	EndGlobalSection
	GlobalSection(ProjectConfigurationPlatforms) = postSolution
		{7DD601F6-F7CB-44A1-ABC5-E4F618305E86}.Debug|Any CPU.ActiveCfg = Debug|Any CPU
		{7DD601F6-F7CB-44A1-ABC5-E4F618305E86}.Debug|Any CPU.Build.0 = Debug|Any CPU
		{7DD601F6-F7CB-44A1-ABC5-E4F618305E86}.Release|Any CPU.ActiveCfg = Release|Any CPU
		{7DD601F6-F7CB-44A1-ABC5-E4F618305E86}.Release|Any CPU.Build.0 = Release|Any CPU
	EndGlobalSection
	GlobalSection(SolutionProperties) = preSolution
		HideSolutionNode = FALSE
	EndGlobalSection
	GlobalSection(ExtensibilityGlobals) = postSolution
		SolutionGuid = {A23C0A05-B70C-405D-B118-367F855EBA2F}
	EndGlobalSection
EndGlobal
